// !$*UTF8*$!
{
	archiveVersion = 1;
	classes = {
	};
	objectVersion = 46;
	objects = {

/* Begin PBXBuildFile section */
		AD33D61E1ADDC6D2000955F8 /* DisplayContentSegue.m in Sources */ = {isa = PBXBuildFile; fileRef = AD33D61D1ADDC6D2000955F8 /* DisplayContentSegue.m */; };
		AD33D6211ADDC751000955F8 /* MenuDrawViewController.m in Sources */ = {isa = PBXBuildFile; fileRef = AD33D6201ADDC751000955F8 /* MenuDrawViewController.m */; };
		AD33D6241ADDC7A3000955F8 /* MenuViewController.m in Sources */ = {isa = PBXBuildFile; fileRef = AD33D6231ADDC7A3000955F8 /* MenuViewController.m */; };
		AD5E95711AE1AF0400B247E4 /* LineChart.m in Sources */ = {isa = PBXBuildFile; fileRef = AD5E95701AE1AF0400B247E4 /* LineChart.m */; };
		AD76FB4E1ADF377300F0B389 /* CoreMotion.framework in Frameworks */ = {isa = PBXBuildFile; fileRef = AD76FB4D1ADF377300F0B389 /* CoreMotion.framework */; };
		ADB7D96F1ADC4A3F00761587 /* fact_list_20150413.txt in Resources */ = {isa = PBXBuildFile; fileRef = ADB7D96E1ADC4A3F00761587 /* fact_list_20150413.txt */; };
		ADBE010B1AD9B6A00068BBE7 /* libsqlite3.dylib in Frameworks */ = {isa = PBXBuildFile; fileRef = ADBE010A1AD9B6A00068BBE7 /* libsqlite3.dylib */; };
		ADBE010E1AD9B70A0068BBE7 /* DBManager.m in Sources */ = {isa = PBXBuildFile; fileRef = ADBE010D1AD9B70A0068BBE7 /* DBManager.m */; };
		ADC788391AE2B52900EFFB9D /* ApplicationGlobals.m in Sources */ = {isa = PBXBuildFile; fileRef = ADC788381AE2B52900EFFB9D /* ApplicationGlobals.m */; };
		ADCB6C921AE3FE6A00BD0360 /* NSArray+AltitudeQueue.m in Sources */ = {isa = PBXBuildFile; fileRef = ADCB6C911AE3FE6A00BD0360 /* NSArray+AltitudeQueue.m */; };
		ADDFC50E1ADECD1E00634087 /* ButtonHandler.m in Sources */ = {isa = PBXBuildFile; fileRef = ADDFC50D1ADECD1E00634087 /* ButtonHandler.m */; };
		ADDFC5121ADED49B00634087 /* ic_burger_44.png in Resources */ = {isa = PBXBuildFile; fileRef = ADDFC5111ADED49B00634087 /* ic_burger_44.png */; };
		ADECAAC21AD1E03E00779B02 /* main.m in Sources */ = {isa = PBXBuildFile; fileRef = ADECAAC11AD1E03E00779B02 /* main.m */; };
		ADECAAC51AD1E03E00779B02 /* AppDelegate.m in Sources */ = {isa = PBXBuildFile; fileRef = ADECAAC41AD1E03E00779B02 /* AppDelegate.m */; };
		ADECAAC81AD1E03E00779B02 /* MainViewController.m in Sources */ = {isa = PBXBuildFile; fileRef = ADECAAC71AD1E03E00779B02 /* MainViewController.m */; };
		ADECAACB1AD1E03E00779B02 /* Main.storyboard in Resources */ = {isa = PBXBuildFile; fileRef = ADECAAC91AD1E03E00779B02 /* Main.storyboard */; };
		ADECAACD1AD1E03E00779B02 /* Images.xcassets in Resources */ = {isa = PBXBuildFile; fileRef = ADECAACC1AD1E03E00779B02 /* Images.xcassets */; };
		ADECAAD01AD1E03E00779B02 /* LaunchScreen.xib in Resources */ = {isa = PBXBuildFile; fileRef = ADECAACE1AD1E03E00779B02 /* LaunchScreen.xib */; };
		ADECAADC1AD1E03E00779B02 /* howhiamiTests.m in Sources */ = {isa = PBXBuildFile; fileRef = ADECAADB1AD1E03E00779B02 /* howhiamiTests.m */; };
		ADECAAE61AD1E08900779B02 /* CoreLocation.framework in Frameworks */ = {isa = PBXBuildFile; fileRef = ADECAAE51AD1E08900779B02 /* CoreLocation.framework */; };
/* End PBXBuildFile section */

/* Begin PBXContainerItemProxy section */
		ADECAAD61AD1E03E00779B02 /* PBXContainerItemProxy */ = {
			isa = PBXContainerItemProxy;
			containerPortal = ADECAAB41AD1E03E00779B02 /* Project object */;
			proxyType = 1;
			remoteGlobalIDString = ADECAABB1AD1E03E00779B02;
			remoteInfo = howhiami;
		};
/* End PBXContainerItemProxy section */

/* Begin PBXFileReference section */
		AD33D61C1ADDC68B000955F8 /* DisplayContentSegue.h */ = {isa = PBXFileReference; lastKnownFileType = sourcecode.c.h; path = DisplayContentSegue.h; sourceTree = "<group>"; };
		AD33D61D1ADDC6D2000955F8 /* DisplayContentSegue.m */ = {isa = PBXFileReference; fileEncoding = 4; lastKnownFileType = sourcecode.c.objc; path = DisplayContentSegue.m; sourceTree = "<group>"; };
		AD33D61F1ADDC71B000955F8 /* MenuDrawViewController.h */ = {isa = PBXFileReference; lastKnownFileType = sourcecode.c.h; path = MenuDrawViewController.h; sourceTree = "<group>"; };
		AD33D6201ADDC751000955F8 /* MenuDrawViewController.m */ = {isa = PBXFileReference; fileEncoding = 4; lastKnownFileType = sourcecode.c.objc; path = MenuDrawViewController.m; sourceTree = "<group>"; };
		AD33D6221ADDC776000955F8 /* MenuViewController.h */ = {isa = PBXFileReference; lastKnownFileType = sourcecode.c.h; path = MenuViewController.h; sourceTree = "<group>"; };
		AD33D6231ADDC7A3000955F8 /* MenuViewController.m */ = {isa = PBXFileReference; fileEncoding = 4; lastKnownFileType = sourcecode.c.objc; path = MenuViewController.m; sourceTree = "<group>"; };
		AD5E95701AE1AF0400B247E4 /* LineChart.m */ = {isa = PBXFileReference; fileEncoding = 4; lastKnownFileType = sourcecode.c.objc; path = LineChart.m; sourceTree = "<group>"; };
		AD5E95721AE1AF1800B247E4 /* LineChart.h */ = {isa = PBXFileReference; lastKnownFileType = sourcecode.c.h; path = LineChart.h; sourceTree = "<group>"; };
		AD76FB4D1ADF377300F0B389 /* CoreMotion.framework */ = {isa = PBXFileReference; lastKnownFileType = wrapper.framework; name = CoreMotion.framework; path = System/Library/Frameworks/CoreMotion.framework; sourceTree = SDKROOT; };
		ADB7D96E1ADC4A3F00761587 /* fact_list_20150413.txt */ = {isa = PBXFileReference; fileEncoding = 4; lastKnownFileType = text; path = fact_list_20150413.txt; sourceTree = "<group>"; };
		ADBE010A1AD9B6A00068BBE7 /* libsqlite3.dylib */ = {isa = PBXFileReference; lastKnownFileType = "compiled.mach-o.dylib"; name = libsqlite3.dylib; path = usr/lib/libsqlite3.dylib; sourceTree = SDKROOT; };
		ADBE010C1AD9B6F50068BBE7 /* DBManager.h */ = {isa = PBXFileReference; lastKnownFileType = sourcecode.c.h; path = DBManager.h; sourceTree = "<group>"; };
		ADBE010D1AD9B70A0068BBE7 /* DBManager.m */ = {isa = PBXFileReference; fileEncoding = 4; lastKnownFileType = sourcecode.c.objc; path = DBManager.m; sourceTree = "<group>"; };
		ADC788371AE2B51500EFFB9D /* ApplicationGlobals.h */ = {isa = PBXFileReference; lastKnownFileType = sourcecode.c.h; path = ApplicationGlobals.h; sourceTree = "<group>"; };
		ADC788381AE2B52900EFFB9D /* ApplicationGlobals.m */ = {isa = PBXFileReference; fileEncoding = 4; lastKnownFileType = sourcecode.c.objc; path = ApplicationGlobals.m; sourceTree = "<group>"; };
		ADCB6C911AE3FE6A00BD0360 /* NSArray+AltitudeQueue.m */ = {isa = PBXFileReference; fileEncoding = 4; lastKnownFileType = sourcecode.c.objc; path = "NSArray+AltitudeQueue.m"; sourceTree = "<group>"; };
		ADCB6C941AE3FE8200BD0360 /* NSArray+AltitudeQueue.h */ = {isa = PBXFileReference; fileEncoding = 4; lastKnownFileType = sourcecode.c.h; path = "NSArray+AltitudeQueue.h"; sourceTree = "<group>"; };
		ADDFC50C1ADECCFC00634087 /* ButtonHandler.h */ = {isa = PBXFileReference; lastKnownFileType = sourcecode.c.h; path = ButtonHandler.h; sourceTree = "<group>"; };
		ADDFC50D1ADECD1E00634087 /* ButtonHandler.m */ = {isa = PBXFileReference; fileEncoding = 4; lastKnownFileType = sourcecode.c.objc; path = ButtonHandler.m; sourceTree = "<group>"; };
		ADDFC5111ADED49B00634087 /* ic_burger_44.png */ = {isa = PBXFileReference; lastKnownFileType = image.png; name = ic_burger_44.png; path = ../../../Timbr/singlebeards/Timber/ic_burger_44.png; sourceTree = "<group>"; };
		ADDFC5131ADEFC3500634087 /* readme.md */ = {isa = PBXFileReference; fileEncoding = 4; lastKnownFileType = net.daringfireball.markdown; path = readme.md; sourceTree = "<group>"; };
		ADECAABC1AD1E03E00779B02 /* howhiami.app */ = {isa = PBXFileReference; explicitFileType = wrapper.application; includeInIndex = 0; path = howhiami.app; sourceTree = BUILT_PRODUCTS_DIR; };
		ADECAAC01AD1E03E00779B02 /* Info.plist */ = {isa = PBXFileReference; lastKnownFileType = text.plist.xml; path = Info.plist; sourceTree = "<group>"; };
		ADECAAC11AD1E03E00779B02 /* main.m */ = {isa = PBXFileReference; lastKnownFileType = sourcecode.c.objc; path = main.m; sourceTree = "<group>"; };
		ADECAAC31AD1E03E00779B02 /* AppDelegate.h */ = {isa = PBXFileReference; lastKnownFileType = sourcecode.c.h; path = AppDelegate.h; sourceTree = "<group>"; };
		ADECAAC41AD1E03E00779B02 /* AppDelegate.m */ = {isa = PBXFileReference; lastKnownFileType = sourcecode.c.objc; path = AppDelegate.m; sourceTree = "<group>"; };
		ADECAAC61AD1E03E00779B02 /* MainViewController.h */ = {isa = PBXFileReference; lastKnownFileType = sourcecode.c.h; path = MainViewController.h; sourceTree = "<group>"; };
		ADECAAC71AD1E03E00779B02 /* MainViewController.m */ = {isa = PBXFileReference; lastKnownFileType = sourcecode.c.objc; path = MainViewController.m; sourceTree = "<group>"; };
		ADECAACA1AD1E03E00779B02 /* Base */ = {isa = PBXFileReference; lastKnownFileType = file.storyboard; name = Base; path = Base.lproj/Main.storyboard; sourceTree = "<group>"; };
		ADECAACC1AD1E03E00779B02 /* Images.xcassets */ = {isa = PBXFileReference; lastKnownFileType = folder.assetcatalog; path = Images.xcassets; sourceTree = "<group>"; };
		ADECAACF1AD1E03E00779B02 /* Base */ = {isa = PBXFileReference; lastKnownFileType = file.xib; name = Base; path = Base.lproj/LaunchScreen.xib; sourceTree = "<group>"; };
		ADECAAD51AD1E03E00779B02 /* howhiamiTests.xctest */ = {isa = PBXFileReference; explicitFileType = wrapper.cfbundle; includeInIndex = 0; path = howhiamiTests.xctest; sourceTree = BUILT_PRODUCTS_DIR; };
		ADECAADA1AD1E03E00779B02 /* Info.plist */ = {isa = PBXFileReference; lastKnownFileType = text.plist.xml; path = Info.plist; sourceTree = "<group>"; };
		ADECAADB1AD1E03E00779B02 /* howhiamiTests.m */ = {isa = PBXFileReference; lastKnownFileType = sourcecode.c.objc; path = howhiamiTests.m; sourceTree = "<group>"; };
		ADECAAE51AD1E08900779B02 /* CoreLocation.framework */ = {isa = PBXFileReference; lastKnownFileType = wrapper.framework; name = CoreLocation.framework; path = System/Library/Frameworks/CoreLocation.framework; sourceTree = SDKROOT; };
/* End PBXFileReference section */

/* Begin PBXFrameworksBuildPhase section */
		ADECAAB91AD1E03E00779B02 /* Frameworks */ = {
			isa = PBXFrameworksBuildPhase;
			buildActionMask = 2147483647;
			files = (
				AD76FB4E1ADF377300F0B389 /* CoreMotion.framework in Frameworks */,
				ADBE010B1AD9B6A00068BBE7 /* libsqlite3.dylib in Frameworks */,
				ADECAAE61AD1E08900779B02 /* CoreLocation.framework in Frameworks */,
			);
			runOnlyForDeploymentPostprocessing = 0;
		};
		ADECAAD21AD1E03E00779B02 /* Frameworks */ = {
			isa = PBXFrameworksBuildPhase;
			buildActionMask = 2147483647;
			files = (
			);
			runOnlyForDeploymentPostprocessing = 0;
		};
/* End PBXFrameworksBuildPhase section */

/* Begin PBXGroup section */
		ADECAAB31AD1E03E00779B02 = {
			isa = PBXGroup;
			children = (
				AD76FB4D1ADF377300F0B389 /* CoreMotion.framework */,
				ADDFC5131ADEFC3500634087 /* readme.md */,
				ADBE010A1AD9B6A00068BBE7 /* libsqlite3.dylib */,
				ADECAAE51AD1E08900779B02 /* CoreLocation.framework */,
				ADECAABE1AD1E03E00779B02 /* howhiami */,
				ADECAAD81AD1E03E00779B02 /* howhiamiTests */,
				ADECAABD1AD1E03E00779B02 /* Products */,
			);
			sourceTree = "<group>";
		};
		ADECAABD1AD1E03E00779B02 /* Products */ = {
			isa = PBXGroup;
			children = (
				ADECAABC1AD1E03E00779B02 /* howhiami.app */,
				ADECAAD51AD1E03E00779B02 /* howhiamiTests.xctest */,
			);
			name = Products;
			sourceTree = "<group>";
		};
		ADECAABE1AD1E03E00779B02 /* howhiami */ = {
			isa = PBXGroup;
			children = (
				ADCB6C941AE3FE8200BD0360 /* NSArray+AltitudeQueue.h */,
				ADCB6C911AE3FE6A00BD0360 /* NSArray+AltitudeQueue.m */,
				ADC788371AE2B51500EFFB9D /* ApplicationGlobals.h */,
				ADC788381AE2B52900EFFB9D /* ApplicationGlobals.m */,
				AD5E95721AE1AF1800B247E4 /* LineChart.h */,
				AD5E95701AE1AF0400B247E4 /* LineChart.m */,
				AD33D61F1ADDC71B000955F8 /* MenuDrawViewController.h */,
				AD33D6201ADDC751000955F8 /* MenuDrawViewController.m */,
				AD33D6221ADDC776000955F8 /* MenuViewController.h */,
				AD33D6231ADDC7A3000955F8 /* MenuViewController.m */,
				ADBE010C1AD9B6F50068BBE7 /* DBManager.h */,
				ADBE010D1AD9B70A0068BBE7 /* DBManager.m */,
				AD33D61C1ADDC68B000955F8 /* DisplayContentSegue.h */,
				AD33D61D1ADDC6D2000955F8 /* DisplayContentSegue.m */,
				ADECAAC31AD1E03E00779B02 /* AppDelegate.h */,
				ADECAAC41AD1E03E00779B02 /* AppDelegate.m */,
				ADECAAC61AD1E03E00779B02 /* MainViewController.h */,
				ADECAAC71AD1E03E00779B02 /* MainViewController.m */,
				ADDFC50C1ADECCFC00634087 /* ButtonHandler.h */,
				ADDFC50D1ADECD1E00634087 /* ButtonHandler.m */,
				ADECAAC91AD1E03E00779B02 /* Main.storyboard */,
				ADECAACC1AD1E03E00779B02 /* Images.xcassets */,
				ADECAACE1AD1E03E00779B02 /* LaunchScreen.xib */,
				ADECAABF1AD1E03E00779B02 /* Supporting Files */,
			);
			path = howhiami;
			sourceTree = "<group>";
		};
		ADECAABF1AD1E03E00779B02 /* Supporting Files */ = {
			isa = PBXGroup;
			children = (
				ADDFC5111ADED49B00634087 /* ic_burger_44.png */,
				ADB7D96E1ADC4A3F00761587 /* fact_list_20150413.txt */,
				ADECAAC01AD1E03E00779B02 /* Info.plist */,
				ADECAAC11AD1E03E00779B02 /* main.m */,
			);
			name = "Supporting Files";
			sourceTree = "<group>";
		};
		ADECAAD81AD1E03E00779B02 /* howhiamiTests */ = {
			isa = PBXGroup;
			children = (
				ADECAADB1AD1E03E00779B02 /* howhiamiTests.m */,
				ADECAAD91AD1E03E00779B02 /* Supporting Files */,
			);
			path = howhiamiTests;
			sourceTree = "<group>";
		};
		ADECAAD91AD1E03E00779B02 /* Supporting Files */ = {
			isa = PBXGroup;
			children = (
				ADECAADA1AD1E03E00779B02 /* Info.plist */,
			);
			name = "Supporting Files";
			sourceTree = "<group>";
		};
/* End PBXGroup section */

/* Begin PBXNativeTarget section */
		ADECAABB1AD1E03E00779B02 /* howhiami */ = {
			isa = PBXNativeTarget;
			buildConfigurationList = ADECAADF1AD1E03E00779B02 /* Build configuration list for PBXNativeTarget "howhiami" */;
			buildPhases = (
				ADECAAB81AD1E03E00779B02 /* Sources */,
				ADECAAB91AD1E03E00779B02 /* Frameworks */,
				ADECAABA1AD1E03E00779B02 /* Resources */,
			);
			buildRules = (
			);
			dependencies = (
			);
			name = howhiami;
			productName = howhiami;
			productReference = ADECAABC1AD1E03E00779B02 /* howhiami.app */;
			productType = "com.apple.product-type.application";
		};
		ADECAAD41AD1E03E00779B02 /* howhiamiTests */ = {
			isa = PBXNativeTarget;
			buildConfigurationList = ADECAAE21AD1E03E00779B02 /* Build configuration list for PBXNativeTarget "howhiamiTests" */;
			buildPhases = (
				ADECAAD11AD1E03E00779B02 /* Sources */,
				ADECAAD21AD1E03E00779B02 /* Frameworks */,
				ADECAAD31AD1E03E00779B02 /* Resources */,
			);
			buildRules = (
			);
			dependencies = (
				ADECAAD71AD1E03E00779B02 /* PBXTargetDependency */,
			);
			name = howhiamiTests;
			productName = howhiamiTests;
			productReference = ADECAAD51AD1E03E00779B02 /* howhiamiTests.xctest */;
			productType = "com.apple.product-type.bundle.unit-test";
		};
/* End PBXNativeTarget section */

/* Begin PBXProject section */
		ADECAAB41AD1E03E00779B02 /* Project object */ = {
			isa = PBXProject;
			attributes = {
				LastUpgradeCheck = 0610;
				ORGANIZATIONNAME = "Matthew Helm";
				TargetAttributes = {
					ADECAABB1AD1E03E00779B02 = {
						CreatedOnToolsVersion = 6.1.1;
						DevelopmentTeam = 6F635Y6QVK;
					};
					ADECAAD41AD1E03E00779B02 = {
						CreatedOnToolsVersion = 6.1.1;
						TestTargetID = ADECAABB1AD1E03E00779B02;
					};
				};
			};
			buildConfigurationList = ADECAAB71AD1E03E00779B02 /* Build configuration list for PBXProject "howhiami" */;
			compatibilityVersion = "Xcode 3.2";
			developmentRegion = English;
			hasScannedForEncodings = 0;
			knownRegions = (
				en,
				Base,
			);
			mainGroup = ADECAAB31AD1E03E00779B02;
			productRefGroup = ADECAABD1AD1E03E00779B02 /* Products */;
			projectDirPath = "";
			projectRoot = "";
			targets = (
				ADECAABB1AD1E03E00779B02 /* howhiami */,
				ADECAAD41AD1E03E00779B02 /* howhiamiTests */,
			);
		};
/* End PBXProject section */

/* Begin PBXResourcesBuildPhase section */
		ADECAABA1AD1E03E00779B02 /* Resources */ = {
			isa = PBXResourcesBuildPhase;
			buildActionMask = 2147483647;
			files = (
				ADECAACB1AD1E03E00779B02 /* Main.storyboard in Resources */,
				ADECAAD01AD1E03E00779B02 /* LaunchScreen.xib in Resources */,
				ADB7D96F1ADC4A3F00761587 /* fact_list_20150413.txt in Resources */,
				ADECAACD1AD1E03E00779B02 /* Images.xcassets in Resources */,
				ADDFC5121ADED49B00634087 /* ic_burger_44.png in Resources */,
			);
			runOnlyForDeploymentPostprocessing = 0;
		};
		ADECAAD31AD1E03E00779B02 /* Resources */ = {
			isa = PBXResourcesBuildPhase;
			buildActionMask = 2147483647;
			files = (
			);
			runOnlyForDeploymentPostprocessing = 0;
		};
/* End PBXResourcesBuildPhase section */

/* Begin PBXSourcesBuildPhase section */
		ADECAAB81AD1E03E00779B02 /* Sources */ = {
			isa = PBXSourcesBuildPhase;
			buildActionMask = 2147483647;
			files = (
				ADECAAC81AD1E03E00779B02 /* MainViewController.m in Sources */,
				ADCB6C921AE3FE6A00BD0360 /* NSArray+AltitudeQueue.m in Sources */,
				AD33D6211ADDC751000955F8 /* MenuDrawViewController.m in Sources */,
				AD5E95711AE1AF0400B247E4 /* LineChart.m in Sources */,
				AD33D61E1ADDC6D2000955F8 /* DisplayContentSegue.m in Sources */,
				ADECAAC51AD1E03E00779B02 /* AppDelegate.m in Sources */,
				ADDFC50E1ADECD1E00634087 /* ButtonHandler.m in Sources */,
				AD33D6241ADDC7A3000955F8 /* MenuViewController.m in Sources */,
				ADC788391AE2B52900EFFB9D /* ApplicationGlobals.m in Sources */,
				ADECAAC21AD1E03E00779B02 /* main.m in Sources */,
				ADBE010E1AD9B70A0068BBE7 /* DBManager.m in Sources */,
			);
			runOnlyForDeploymentPostprocessing = 0;
		};
		ADECAAD11AD1E03E00779B02 /* Sources */ = {
			isa = PBXSourcesBuildPhase;
			buildActionMask = 2147483647;
			files = (
				ADECAADC1AD1E03E00779B02 /* howhiamiTests.m in Sources */,
			);
			runOnlyForDeploymentPostprocessing = 0;
		};
/* End PBXSourcesBuildPhase section */

/* Begin PBXTargetDependency section */
		ADECAAD71AD1E03E00779B02 /* PBXTargetDependency */ = {
			isa = PBXTargetDependency;
			target = ADECAABB1AD1E03E00779B02 /* howhiami */;
			targetProxy = ADECAAD61AD1E03E00779B02 /* PBXContainerItemProxy */;
		};
/* End PBXTargetDependency section */

/* Begin PBXVariantGroup section */
		ADECAAC91AD1E03E00779B02 /* Main.storyboard */ = {
			isa = PBXVariantGroup;
			children = (
				ADECAACA1AD1E03E00779B02 /* Base */,
			);
			name = Main.storyboard;
			sourceTree = "<group>";
		};
		ADECAACE1AD1E03E00779B02 /* LaunchScreen.xib */ = {
			isa = PBXVariantGroup;
			children = (
				ADECAACF1AD1E03E00779B02 /* Base */,
			);
			name = LaunchScreen.xib;
			sourceTree = "<group>";
		};
/* End PBXVariantGroup section */

/* Begin XCBuildConfiguration section */
		ADECAADD1AD1E03E00779B02 /* Debug */ = {
			isa = XCBuildConfiguration;
			buildSettings = {
				ALWAYS_SEARCH_USER_PATHS = NO;
				CLANG_CXX_LANGUAGE_STANDARD = "gnu++0x";
				CLANG_CXX_LIBRARY = "libc++";
				CLANG_ENABLE_MODULES = YES;
				CLANG_ENABLE_OBJC_ARC = YES;
				CLANG_WARN_BOOL_CONVERSION = YES;
				CLANG_WARN_CONSTANT_CONVERSION = YES;
				CLANG_WARN_DIRECT_OBJC_ISA_USAGE = YES_ERROR;
				CLANG_WARN_EMPTY_BODY = YES;
				CLANG_WARN_ENUM_CONVERSION = YES;
				CLANG_WARN_INT_CONVERSION = YES;
				CLANG_WARN_OBJC_ROOT_CLASS = YES_ERROR;
				CLANG_WARN_UNREACHABLE_CODE = YES;
				CLANG_WARN__DUPLICATE_METHOD_MATCH = YES;
				"CODE_SIGN_IDENTITY[sdk=iphoneos*]" = "iPhone Developer";
				COPY_PHASE_STRIP = NO;
				ENABLE_STRICT_OBJC_MSGSEND = YES;
				GCC_C_LANGUAGE_STANDARD = gnu99;
				GCC_DYNAMIC_NO_PIC = NO;
				GCC_OPTIMIZATION_LEVEL = 0;
				GCC_PREPROCESSOR_DEFINITIONS = (
					"DEBUG=1",
					"$(inherited)",
				);
				GCC_SYMBOLS_PRIVATE_EXTERN = NO;
				GCC_WARN_64_TO_32_BIT_CONVERSION = YES;
				GCC_WARN_ABOUT_RETURN_TYPE = YES_ERROR;
				GCC_WARN_UNDECLARED_SELECTOR = YES;
				GCC_WARN_UNINITIALIZED_AUTOS = YES_AGGRESSIVE;
				GCC_WARN_UNUSED_FUNCTION = YES;
				GCC_WARN_UNUSED_VARIABLE = YES;
				IPHONEOS_DEPLOYMENT_TARGET = 8.1;
				MTL_ENABLE_DEBUG_INFO = YES;
				ONLY_ACTIVE_ARCH = YES;
				SDKROOT = iphoneos;
				TARGETED_DEVICE_FAMILY = "1,2";
			};
			name = Debug;
		};
		ADECAADE1AD1E03E00779B02 /* Release */ = {
			isa = XCBuildConfiguration;
			buildSettings = {
				ALWAYS_SEARCH_USER_PATHS = NO;
				CLANG_CXX_LANGUAGE_STANDARD = "gnu++0x";
				CLANG_CXX_LIBRARY = "libc++";
				CLANG_ENABLE_MODULES = YES;
				CLANG_ENABLE_OBJC_ARC = YES;
				CLANG_WARN_BOOL_CONVERSION = YES;
				CLANG_WARN_CONSTANT_CONVERSION = YES;
				CLANG_WARN_DIRECT_OBJC_ISA_USAGE = YES_ERROR;
				CLANG_WARN_EMPTY_BODY = YES;
				CLANG_WARN_ENUM_CONVERSION = YES;
				CLANG_WARN_INT_CONVERSION = YES;
				CLANG_WARN_OBJC_ROOT_CLASS = YES_ERROR;
				CLANG_WARN_UNREACHABLE_CODE = YES;
				CLANG_WARN__DUPLICATE_METHOD_MATCH = YES;
				"CODE_SIGN_IDENTITY[sdk=iphoneos*]" = "iPhone Developer";
				COPY_PHASE_STRIP = YES;
				ENABLE_NS_ASSERTIONS = NO;
				ENABLE_STRICT_OBJC_MSGSEND = YES;
				GCC_C_LANGUAGE_STANDARD = gnu99;
				GCC_WARN_64_TO_32_BIT_CONVERSION = YES;
				GCC_WARN_ABOUT_RETURN_TYPE = YES_ERROR;
				GCC_WARN_UNDECLARED_SELECTOR = YES;
				GCC_WARN_UNINITIALIZED_AUTOS = YES_AGGRESSIVE;
				GCC_WARN_UNUSED_FUNCTION = YES;
				GCC_WARN_UNUSED_VARIABLE = YES;
				IPHONEOS_DEPLOYMENT_TARGET = 8.1;
				MTL_ENABLE_DEBUG_INFO = NO;
				SDKROOT = iphoneos;
				TARGETED_DEVICE_FAMILY = "1,2";
				VALIDATE_PRODUCT = YES;
			};
			name = Release;
		};
		ADECAAE01AD1E03E00779B02 /* Debug */ = {
			isa = XCBuildConfiguration;
			buildSettings = {
				ASSETCATALOG_COMPILER_APPICON_NAME = AppIcon;
				CODE_SIGN_IDENTITY = "iPhone Developer";
				INFOPLIST_FILE = howhiami/Info.plist;
				LD_RUNPATH_SEARCH_PATHS = "$(inherited) @executable_path/Frameworks";
				PRODUCT_NAME = "$(TARGET_NAME)";
			};
			name = Debug;
		};
		ADECAAE11AD1E03E00779B02 /* Release */ = {
			isa = XCBuildConfiguration;
			buildSettings = {
				ASSETCATALOG_COMPILER_APPICON_NAME = AppIcon;
				CODE_SIGN_IDENTITY = "iPhone Developer";
				INFOPLIST_FILE = howhiami/Info.plist;
				LD_RUNPATH_SEARCH_PATHS = "$(inherited) @executable_path/Frameworks";
				PRODUCT_NAME = "$(TARGET_NAME)";
			};
			name = Release;
		};
		ADECAAE31AD1E03E00779B02 /* Debug */ = {
			isa = XCBuildConfiguration;
			buildSettings = {
				BUNDLE_LOADER = "$(TEST_HOST)";
				FRAMEWORK_SEARCH_PATHS = (
					"$(SDKROOT)/Developer/Library/Frameworks",
					"$(inherited)",
				);
				GCC_PREPROCESSOR_DEFINITIONS = (
					"DEBUG=1",
					"$(inherited)",
				);
				INFOPLIST_FILE = howhiamiTests/Info.plist;
				LD_RUNPATH_SEARCH_PATHS = "$(inherited) @executable_path/Frameworks @loader_path/Frameworks";
				PRODUCT_NAME = "$(TARGET_NAME)";
				TEST_HOST = "$(BUILT_PRODUCTS_DIR)/howhiami.app/howhiami";
			};
			name = Debug;
		};
		ADECAAE41AD1E03E00779B02 /* Release */ = {
			isa = XCBuildConfiguration;
			buildSettings = {
				BUNDLE_LOADER = "$(TEST_HOST)";
				FRAMEWORK_SEARCH_PATHS = (
					"$(SDKROOT)/Developer/Library/Frameworks",
					"$(inherited)",
				);
				INFOPLIST_FILE = howhiamiTests/Info.plist;
				LD_RUNPATH_SEARCH_PATHS = "$(inherited) @executable_path/Frameworks @loader_path/Frameworks";
				PRODUCT_NAME = "$(TARGET_NAME)";
				TEST_HOST = "$(BUILT_PRODUCTS_DIR)/howhiami.app/howhiami";
			};
			name = Release;
		};
/* End XCBuildConfiguration section */

/* Begin XCConfigurationList section */
		ADECAAB71AD1E03E00779B02 /* Build configuration list for PBXProject "howhiami" */ = {
			isa = XCConfigurationList;
			buildConfigurations = (
				ADECAADD1AD1E03E00779B02 /* Debug */,
				ADECAADE1AD1E03E00779B02 /* Release */,
			);
			defaultConfigurationIsVisible = 0;
			defaultConfigurationName = Release;
		};
		ADECAADF1AD1E03E00779B02 /* Build configuration list for PBXNativeTarget "howhiami" */ = {
			isa = XCConfigurationList;
			buildConfigurations = (
				ADECAAE01AD1E03E00779B02 /* Debug */,
				ADECAAE11AD1E03E00779B02 /* Release */,
			);
			defaultConfigurationIsVisible = 0;
			defaultConfigurationName = Release;
		};
		ADECAAE21AD1E03E00779B02 /* Build configuration list for PBXNativeTarget "howhiamiTests" */ = {
			isa = XCConfigurationList;
			buildConfigurations = (
				ADECAAE31AD1E03E00779B02 /* Debug */,
				ADECAAE41AD1E03E00779B02 /* Release */,
			);
			defaultConfigurationIsVisible = 0;
			defaultConfigurationName = Release;
		};
/* End XCConfigurationList section */
	};
	rootObject = ADECAAB41AD1E03E00779B02 /* Project object */;
}
